
Microsoft Visual Studio Solution File, Format Version 12.00
# Visual Studio Version 16
VisualStudioVersion = 16.0.29009.5
MinimumVisualStudioVersion = 10.0.40219.1
Project("{9A19103F-16F7-4668-BE54-9A1E7A4F7556}") = "Gumby.Climb.Journal.Domain", "src\Gumby.Climb.Journal.Domain\Gumby.Climb.Journal.Domain.csproj", "{C458471E-9C1E-439D-B1BC-C655AFE43ABE}"
EndProject
Project("{9A19103F-16F7-4668-BE54-9A1E7A4F7556}") = "Gumby.User.Contract", "src\Gumby.User.Contract\Gumby.User.Contract.csproj", "{C113C558-4B90-4F67-9755-3095553070E7}"
EndProject
Project("{9A19103F-16F7-4668-BE54-9A1E7A4F7556}") = "Gumby.Climb.Route.Contract", "src\Gumby.Climb.Route.Contract\Gumby.Climb.Route.Contract.csproj", "{AACE6D4F-6F84-40D4-8D6E-C0B502D1D4F4}"
EndProject
Project("{9A19103F-16F7-4668-BE54-9A1E7A4F7556}") = "Gumby.User.Domain", "src\Gumby.User.Domain\Gumby.User.Domain.csproj", "{779CDCDD-168E-4D87-8391-C7AAE0C5CCEC}"
EndProject
Project("{9A19103F-16F7-4668-BE54-9A1E7A4F7556}") = "Gumby.Climb.Journal.Contract", "src\Gumby.Climb.Journal.Contract\Gumby.Climb.Journal.Contract.csproj", "{1FA3FBA6-701E-4959-9236-875C7504B173}"
EndProject
Project("{9A19103F-16F7-4668-BE54-9A1E7A4F7556}") = "Gumby.App", "src\Gumby.App\Gumby.App.csproj", "{75DC5FB7-4A32-4BBD-A71D-5E28C332AA74}"
EndProject
Project("{FAE04EC0-301F-11D3-BF4B-00C04F79EFBC}") = "Gumby.Climb.Journal.Api", "src\Gumby.Climb.Journal.Api\Gumby.Climb.Journal.Api.csproj", "{7E53BD96-3750-48DB-86BF-F2BA30489546}"
EndProject
Project("{9A19103F-16F7-4668-BE54-9A1E7A4F7556}") = "Gumby.Climb.Persistence", "src\Gumby.Climb.Persistence\Gumby.Climb.Persistence.csproj", "{6FE9E5AF-4855-4578-A201-DADC159F3E3C}"
EndProject
Global
	GlobalSection(SolutionConfigurationPlatforms) = preSolution
		Debug|Any CPU = Debug|Any CPU
		Release|Any CPU = Release|Any CPU
	EndGlobalSection
	GlobalSection(ProjectConfigurationPlatforms) = postSolution
		{C458471E-9C1E-439D-B1BC-C655AFE43ABE}.Debug|Any CPU.ActiveCfg = Debug|Any CPU
		{C458471E-9C1E-439D-B1BC-C655AFE43ABE}.Debug|Any CPU.Build.0 = Debug|Any CPU
		{C458471E-9C1E-439D-B1BC-C655AFE43ABE}.Release|Any CPU.ActiveCfg = Release|Any CPU
		{C458471E-9C1E-439D-B1BC-C655AFE43ABE}.Release|Any CPU.Build.0 = Release|Any CPU
		{C113C558-4B90-4F67-9755-3095553070E7}.Debug|Any CPU.ActiveCfg = Debug|Any CPU
		{C113C558-4B90-4F67-9755-3095553070E7}.Debug|Any CPU.Build.0 = Debug|Any CPU
		{C113C558-4B90-4F67-9755-3095553070E7}.Release|Any CPU.ActiveCfg = Release|Any CPU
		{C113C558-4B90-4F67-9755-3095553070E7}.Release|Any CPU.Build.0 = Release|Any CPU
		{AACE6D4F-6F84-40D4-8D6E-C0B502D1D4F4}.Debug|Any CPU.ActiveCfg = Debug|Any CPU
		{AACE6D4F-6F84-40D4-8D6E-C0B502D1D4F4}.Debug|Any CPU.Build.0 = Debug|Any CPU
		{AACE6D4F-6F84-40D4-8D6E-C0B502D1D4F4}.Release|Any CPU.ActiveCfg = Release|Any CPU
		{AACE6D4F-6F84-40D4-8D6E-C0B502D1D4F4}.Release|Any CPU.Build.0 = Release|Any CPU
		{779CDCDD-168E-4D87-8391-C7AAE0C5CCEC}.Debug|Any CPU.ActiveCfg = Debug|Any CPU
		{779CDCDD-168E-4D87-8391-C7AAE0C5CCEC}.Debug|Any CPU.Build.0 = Debug|Any CPU
		{779CDCDD-168E-4D87-8391-C7AAE0C5CCEC}.Release|Any CPU.ActiveCfg = Release|Any CPU
		{779CDCDD-168E-4D87-8391-C7AAE0C5CCEC}.Release|Any CPU.Build.0 = Release|Any CPU
		{1FA3FBA6-701E-4959-9236-875C7504B173}.Debug|Any CPU.ActiveCfg = Debug|Any CPU
		{1FA3FBA6-701E-4959-9236-875C7504B173}.Debug|Any CPU.Build.0 = Debug|Any CPU
		{1FA3FBA6-701E-4959-9236-875C7504B173}.Release|Any CPU.ActiveCfg = Release|Any CPU
		{1FA3FBA6-701E-4959-9236-875C7504B173}.Release|Any CPU.Build.0 = Release|Any CPU
		{75DC5FB7-4A32-4BBD-A71D-5E28C332AA74}.Debug|Any CPU.ActiveCfg = Debug|Any CPU
		{75DC5FB7-4A32-4BBD-A71D-5E28C332AA74}.Debug|Any CPU.Build.0 = Debug|Any CPU
		{75DC5FB7-4A32-4BBD-A71D-5E28C332AA74}.Release|Any CPU.ActiveCfg = Release|Any CPU
		{75DC5FB7-4A32-4BBD-A71D-5E28C332AA74}.Release|Any CPU.Build.0 = Release|Any CPU
		{7E53BD96-3750-48DB-86BF-F2BA30489546}.Debug|Any CPU.ActiveCfg = Debug|Any CPU
		{7E53BD96-3750-48DB-86BF-F2BA30489546}.Debug|Any CPU.Build.0 = Debug|Any CPU
		{7E53BD96-3750-48DB-86BF-F2BA30489546}.Release|Any CPU.ActiveCfg = Release|Any CPU
		{7E53BD96-3750-48DB-86BF-F2BA30489546}.Release|Any CPU.Build.0 = Release|Any CPU
		{6FE9E5AF-4855-4578-A201-DADC159F3E3C}.Debug|Any CPU.ActiveCfg = Debug|Any CPU
		{6FE9E5AF-4855-4578-A201-DADC159F3E3C}.Debug|Any CPU.Build.0 = Debug|Any CPU
		{6FE9E5AF-4855-4578-A201-DADC159F3E3C}.Release|Any CPU.ActiveCfg = Release|Any CPU
		{6FE9E5AF-4855-4578-A201-DADC159F3E3C}.Release|Any CPU.Build.0 = Release|Any CPU
	EndGlobalSection
	GlobalSection(SolutionProperties) = preSolution
		HideSolutionNode = FALSE
	EndGlobalSection
	GlobalSection(ExtensibilityGlobals) = postSolution
		SolutionGuid = {A6D2C227-BA7A-4193-A284-A23D3332B7E0}
	EndGlobalSection
EndGlobal
